// !$*UTF8*$!
{
	archiveVersion = 1;
	classes = {
	};
	objectVersion = 60;
	objects = {

/* Begin PBXFileReference section */
		100000000000000000000001 /* ConvoLab.app */ = {isa = PBXFileReference; explicitFileType = wrapper.application; includeInIndex = 0; path = ConvoLab.app; sourceTree = BUILT_PRODUCTS_DIR; };
		100000000000000000000002 /* ConvoLab */ = {isa = PBXFileReference; lastKnownFileType = folder; path = ConvoLab; sourceTree = "<group>"; };
		100000000000000000000003 /* Debug.xcconfig */ = {isa = PBXFileReference; lastKnownFileType = text.xcconfig; path = Debug.xcconfig; sourceTree = "<group>"; };
		100000000000000000000004 /* Release.xcconfig */ = {isa = PBXFileReference; lastKnownFileType = text.xcconfig; path = Release.xcconfig; sourceTree = "<group>"; };
		200000000000000000000001 /* ConvoLabTests.xctest */ = {isa = PBXFileReference; explicitFileType = wrapper.cfbundle; includeInIndex = 0; path = ConvoLabTests.xctest; sourceTree = BUILT_PRODUCTS_DIR; };
/* End PBXFileReference section */

/* Begin PBXFileSystemSynchronizedRootGroup section */
		100000000000000000000005 /* ConvoLab */ = {
			isa = PBXFileSystemSynchronizedRootGroup;
			exceptions = (
				100000000000000000000006 /* Exceptions for "ConvoLab" folder in "ConvoLab" target */,
			);
			path = ConvoLab;
			sourceTree = "<group>";
		};
		200000000000000000000002 /* ConvoLabTests */ = {
			isa = PBXFileSystemSynchronizedRootGroup;
			path = ConvoLabTests;
			sourceTree = "<group>";
		};
/* End PBXFileSystemSynchronizedRootGroup section */

/* Begin PBXContainerItemProxy section */
		200000000000000000000003 /* PBXContainerItemProxy */ = {
			isa = PBXContainerItemProxy;
			containerPortal = 100000000000000000000040 /* Project object */;
			proxyType = 1;
			remoteGlobalIDString = 100000000000000000000030;
			remoteInfo = ConvoLab;
		};
/* End PBXContainerItemProxy section */

/* Begin PBXFileSystemSynchronizedBuildFileExceptionSet section */
		100000000000000000000006 /* Exceptions for "ConvoLab" folder in "ConvoLab" target */ = {
			isa = PBXFileSystemSynchronizedBuildFileExceptionSet;
			membershipExceptions = (
				Info.plist,
			);
			target = 100000000000000000000030 /* ConvoLab */;
		};
/* End PBXFileSystemSynchronizedBuildFileExceptionSet section */

/* Begin PBXFrameworksBuildPhase section */
		100000000000000000000010 /* Frameworks */ = {
			isa = PBXFrameworksBuildPhase;
			buildActionMask = 2147483647;
			files = (
			);
			runOnlyForDeploymentPostprocessing = 0;
		};
		200000000000000000000004 /* Frameworks */ = {
			isa = PBXFrameworksBuildPhase;
			buildActionMask = 2147483647;
			files = (
			);
			runOnlyForDeploymentPostprocessing = 0;
		};
/* End PBXFrameworksBuildPhase section */

/* Begin PBXGroup section */
		100000000000000000000020 = {
			isa = PBXGroup;
			children = (
				100000000000000000000005 /* ConvoLab */,
				200000000000000000000002 /* ConvoLabTests */,
				100000000000000000000021 /* Config */,
				100000000000000000000022 /* Products */,
			);
			sourceTree = "<group>";
		};
		100000000000000000000021 /* Config */ = {
			isa = PBXGroup;
			children = (
				100000000000000000000003 /* Debug.xcconfig */,
				100000000000000000000004 /* Release.xcconfig */,
			);
			path = Config;
			sourceTree = "<group>";
		};
		100000000000000000000022 /* Products */ = {
			isa = PBXGroup;
			children = (
				100000000000000000000001 /* ConvoLab.app */,
				200000000000000000000001 /* ConvoLabTests.xctest */,
			);
			name = Products;
			sourceTree = "<group>";
		};
/* End PBXGroup section */

/* Begin PBXNativeTarget section */
		100000000000000000000030 /* ConvoLab */ = {
			isa = PBXNativeTarget;
			buildConfigurationList = 100000000000000000000031 /* Build configuration list for PBXNativeTarget "ConvoLab" */;
			buildPhases = (
				100000000000000000000032 /* Sources */,
				100000000000000000000010 /* Frameworks */,
				100000000000000000000033 /* Resources */,
			);
			buildRules = (
			);
			dependencies = (
			);
			fileSystemSynchronizedGroups = (
				100000000000000000000005 /* ConvoLab */,
			);
			name = ConvoLab;
			packageProductDependencies = (
			);
			productName = ConvoLab;
			productReference = 100000000000000000000001 /* ConvoLab.app */;
			productType = "com.apple.product-type.application";
		};
		200000000000000000000010 /* ConvoLabTests */ = {
			isa = PBXNativeTarget;
			buildConfigurationList = 200000000000000000000011 /* Build configuration list for PBXNativeTarget "ConvoLabTests" */;
			buildPhases = (
				200000000000000000000012 /* Sources */,
				200000000000000000000004 /* Frameworks */,
				200000000000000000000013 /* Resources */,
			);
			buildRules = (
			);
			dependencies = (
				200000000000000000000014 /* PBXTargetDependency */,
			);
			fileSystemSynchronizedGroups = (
				200000000000000000000002 /* ConvoLabTests */,
			);
			name = ConvoLabTests;
			packageProductDependencies = (
			);
			productName = ConvoLabTests;
			productReference = 200000000000000000000001 /* ConvoLabTests.xctest */;
			productType = "com.apple.product-type.bundle.unit-test";
		};
/* End PBXNativeTarget section */

/* Begin PBXProject section */
		100000000000000000000040 /* Project object */ = {
			isa = PBXProject;
			attributes = {
				BuildIndependentTargetsInParallel = 1;
				LastSwiftUpdateCheck = 2630;
				LastUpgradeCheck = 2630;
				TargetAttributes = {
					100000000000000000000030 = {
						CreatedOnToolsVersion = 26.3;
					};
					200000000000000000000010 = {
						CreatedOnToolsVersion = 26.3;
						TestTargetID = 100000000000000000000030;
					};
				};
			};
			buildConfigurationList = 100000000000000000000041 /* Build configuration list for PBXProject "ConvoLab" */;
			compatibilityVersion = "Xcode 15.0";
			developmentRegion = en;
			hasScannedForEncodings = 0;
			knownRegions = (
				en,
				Base,
			);
			mainGroup = 100000000000000000000020;
			productRefGroup = 100000000000000000000022 /* Products */;
			projectDirPath = "";
			projectRoot = "";
			targets = (
				100000000000000000000030 /* ConvoLab */,
				200000000000000000000010 /* ConvoLabTests */,
			);
		};
/* End PBXProject section */

/* Begin PBXResourcesBuildPhase section */
		100000000000000000000033 /* Resources */ = {
			isa = PBXResourcesBuildPhase;
			buildActionMask = 2147483647;
			files = (
			);
			runOnlyForDeploymentPostprocessing = 0;
		};
		200000000000000000000013 /* Resources */ = {
			isa = PBXResourcesBuildPhase;
			buildActionMask = 2147483647;
			files = (
			);
			runOnlyForDeploymentPostprocessing = 0;
		};
/* End PBXResourcesBuildPhase section */

/* Begin PBXSourcesBuildPhase section */
		100000000000000000000032 /* Sources */ = {
			isa = PBXSourcesBuildPhase;
			buildActionMask = 2147483647;
			files = (
			);
			runOnlyForDeploymentPostprocessing = 0;
		};
		200000000000000000000012 /* Sources */ = {
			isa = PBXSourcesBuildPhase;
			buildActionMask = 2147483647;
			files = (
			);
			runOnlyForDeploymentPostprocessing = 0;
		};
/* End PBXSourcesBuildPhase section */

/* Begin XCBuildConfiguration section */
		100000000000000000000050 /* Debug */ = {
			isa = XCBuildConfiguration;
			buildSettings = {
				ALWAYS_SEARCH_USER_PATHS = NO;
				CLANG_ENABLE_MODULES = YES;
				CLANG_ENABLE_OBJC_ARC = YES;
				COPY_PHASE_STRIP = NO;
				DEBUG_INFORMATION_FORMAT = dwarf;
				ENABLE_TESTABILITY = YES;
				GCC_C_LANGUAGE_STANDARD = gnu17;
				GCC_OPTIMIZATION_LEVEL = 0;
				ONLY_ACTIVE_ARCH = YES;
				SDKROOT = iphoneos;
				SWIFT_ACTIVE_COMPILATION_CONDITIONS = "DEBUG $(inherited)";
				SWIFT_OPTIMIZATION_LEVEL = "-Onone";
			};
			name = Debug;
		};
		100000000000000000000051 /* Release */ = {
			isa = XCBuildConfiguration;
			buildSettings = {
				ALWAYS_SEARCH_USER_PATHS = NO;
				CLANG_ENABLE_MODULES = YES;
				CLANG_ENABLE_OBJC_ARC = YES;
				COPY_PHASE_STRIP = NO;
				DEBUG_INFORMATION_FORMAT = "dwarf-with-dsym";
				ENABLE_NS_ASSERTIONS = NO;
				GCC_C_LANGUAGE_STANDARD = gnu17;
				SDKROOT = iphoneos;
				SWIFT_COMPILATION_MODE = wholemodule;
			};
			name = Release;
		};
		100000000000000000000052 /* Debug */ = {
			isa = XCBuildConfiguration;
			baseConfigurationReference = 100000000000000000000003 /* Debug.xcconfig */;
			buildSettings = {
				ASSETCATALOG_COMPILER_GENERATE_SWIFT_ASSET_SYMBOL_EXTENSIONS = YES;
				CODE_SIGNING_ALLOWED = NO;
				CURRENT_PROJECT_VERSION = 1;
				GENERATE_INFOPLIST_FILE = YES;
				INFOPLIST_FILE = ConvoLab/Info.plist;
				INFOPLIST_KEY_CFBundleDisplayName = ConvoLab;
				INFOPLIST_KEY_LSApplicationCategoryType = "public.app-category.education";
				INFOPLIST_KEY_UIApplicationSceneManifest_Generation = YES;
				INFOPLIST_KEY_UIApplicationSupportsIndirectInputEvents = YES;
				INFOPLIST_KEY_UILaunchScreen_Generation = YES;
				IPHONEOS_DEPLOYMENT_TARGET = 26.0;
				MARKETING_VERSION = 0.1.0;
				PRODUCT_NAME = "$(TARGET_NAME)";
				SUPPORTED_PLATFORMS = "iphoneos iphonesimulator";
				SUPPORTS_MACCATALYST = NO;
				SWIFT_DEFAULT_ACTOR_ISOLATION = MainActor;
				SWIFT_EMIT_LOC_STRINGS = YES;
				SWIFT_VERSION = 6.0;
				TARGETED_DEVICE_FAMILY = 1;
			};
			name = Debug;
		};
		100000000000000000000053 /* Release */ = {
			isa = XCBuildConfiguration;
			baseConfigurationReference = 100000000000000000000004 /* Release.xcconfig */;
			buildSettings = {
				ASSETCATALOG_COMPILER_GENERATE_SWIFT_ASSET_SYMBOL_EXTENSIONS = YES;
				CODE_SIGNING_ALLOWED = NO;
				CURRENT_PROJECT_VERSION = 1;
				GENERATE_INFOPLIST_FILE = YES;
				INFOPLIST_FILE = ConvoLab/Info.plist;
				INFOPLIST_KEY_CFBundleDisplayName = ConvoLab;
				INFOPLIST_KEY_LSApplicationCategoryType = "public.app-category.education";
				INFOPLIST_KEY_UIApplicationSceneManifest_Generation = YES;
				INFOPLIST_KEY_UIApplicationSupportsIndirectInputEvents = YES;
				INFOPLIST_KEY_UILaunchScreen_Generation = YES;
				IPHONEOS_DEPLOYMENT_TARGET = 26.0;
				MARKETING_VERSION = 0.1.0;
				PRODUCT_NAME = "$(TARGET_NAME)";
				SUPPORTED_PLATFORMS = "iphoneos iphonesimulator";
				SUPPORTS_MACCATALYST = NO;
				SWIFT_DEFAULT_ACTOR_ISOLATION = MainActor;
				SWIFT_EMIT_LOC_STRINGS = YES;
				SWIFT_VERSION = 6.0;
				TARGETED_DEVICE_FAMILY = 1;
			};
			name = Release;
		};
		200000000000000000000020 /* Debug */ = {
			isa = XCBuildConfiguration;
			buildSettings = {
				BUNDLE_LOADER = "$(TEST_HOST)";
				CODE_SIGNING_ALLOWED = NO;
				GENERATE_INFOPLIST_FILE = YES;
				IPHONEOS_DEPLOYMENT_TARGET = 26.0;
				PRODUCT_BUNDLE_IDENTIFIER = com.cdcg.convolab.tests;
				PRODUCT_NAME = "$(TARGET_NAME)";
				SWIFT_VERSION = 6.0;
				TARGETED_DEVICE_FAMILY = 1;
				TEST_HOST = "$(BUILT_PRODUCTS_DIR)/ConvoLab.app/ConvoLab";
			};
			name = Debug;
		};
		200000000000000000000021 /* Release */ = {
			isa = XCBuildConfiguration;
			buildSettings = {
				BUNDLE_LOADER = "$(TEST_HOST)";
				CODE_SIGNING_ALLOWED = NO;
				GENERATE_INFOPLIST_FILE = YES;
				IPHONEOS_DEPLOYMENT_TARGET = 26.0;
				PRODUCT_BUNDLE_IDENTIFIER = com.cdcg.convolab.tests;
				PRODUCT_NAME = "$(TARGET_NAME)";
				SWIFT_VERSION = 6.0;
				TARGETED_DEVICE_FAMILY = 1;
				TEST_HOST = "$(BUILT_PRODUCTS_DIR)/ConvoLab.app/ConvoLab";
			};
			name = Release;
		};
/* End XCBuildConfiguration section */

/* Begin XCConfigurationList section */
		100000000000000000000031 /* Build configuration list for PBXNativeTarget "ConvoLab" */ = {
			isa = XCConfigurationList;
			buildConfigurations = (
				100000000000000000000052 /* Debug */,
				100000000000000000000053 /* Release */,
			);
			defaultConfigurationIsVisible = 0;
			defaultConfigurationName = Release;
		};
		100000000000000000000041 /* Build configuration list for PBXProject "ConvoLab" */ = {
			isa = XCConfigurationList;
			buildConfigurations = (
				100000000000000000000050 /* Debug */,
				100000000000000000000051 /* Release */,
			);
			defaultConfigurationIsVisible = 0;
			defaultConfigurationName = Release;
		};
		200000000000000000000011 /* Build configuration list for PBXNativeTarget "ConvoLabTests" */ = {
			isa = XCConfigurationList;
			buildConfigurations = (
				200000000000000000000020 /* Debug */,
				200000000000000000000021 /* Release */,
			);
			defaultConfigurationIsVisible = 0;
			defaultConfigurationName = Release;
		};
/* End XCConfigurationList section */

/* Begin PBXTargetDependency section */
		200000000000000000000014 /* PBXTargetDependency */ = {
			isa = PBXTargetDependency;
			target = 100000000000000000000030 /* ConvoLab */;
			targetProxy = 200000000000000000000003 /* PBXContainerItemProxy */;
		};
/* End PBXTargetDependency section */
	};
	rootObject = 100000000000000000000040 /* Project object */;
}
